{
  "nodes": {
    "nixCats": {
      "locked": {
        "lastModified": 1738143724,
        "narHash": "sha256-pbc8x4KLEHFdNjaUUqBCJdsQF1VS5U5rKq/QjbmwSg4=",
        "owner": "BirdeeHub",
        "repo": "nixCats-nvim",
        "rev": "1e4bf036d3fd436fbf7a4452eaf181f7728908e8",
        "type": "github"
      },
      "original": {
        "owner": "BirdeeHub",
        "repo": "nixCats-nvim",
        "type": "github"
      }
    },
    "nixpkgs": {
      "locked": {
        "lastModified": 1737847078,
        "narHash": "sha256-RlIl2QOvd0ijklqS+1W9YW8xzWJPqpfSblruQSlxBI8=",
        "owner": "nixos",
        "repo": "nixpkgs",
        "rev": "b582bb5b0d7af253b05d58314b85ab8ec46b8d19",
        "type": "github"
      },
      "original": {
        "owner": "nixos",
        "ref": "nixpkgs-unstable",
        "repo": "nixpkgs",
        "type": "github"
      }
    },
    "plugins-ctrlsf-vim": {
      "flake": false,
      "locked": {
        "lastModified": 1662087703,
        "narHash": "sha256-td8eE5t1t5xBAxYq19U5fQXMXS1ZIxAzl2Q6nsIRR6Q=",
        "owner": "dyng",
        "repo": "ctrlsf.vim",
        "rev": "32236a8b376d9311dec9b5fe795ca99d32060b13",
        "type": "github"
      },
      "original": {
        "owner": "dyng",
        "repo": "ctrlsf.vim",
        "type": "github"
      }
    },
    "plugins-hover-nvim": {
      "flake": false,
      "locked": {
        "lastModified": 1739034885,
        "narHash": "sha256-z4ns498GG7o8NoWZoAnfNr4WikI/fSIvxtxvXfyRt5o=",
        "owner": "PgBiel",
        "repo": "hover.nvim",
        "rev": "655faadfebf9f2d6f9e1c5b9b822a86760a28c49",
        "type": "github"
      },
      "original": {
        "owner": "PgBiel",
        "ref": "diagnostic-fix-plus-treesitter",
        "repo": "hover.nvim",
        "type": "github"
      }
    },
    "plugins-lualine-nvim": {
      "flake": false,
      "locked": {
        "lastModified": 1738473904,
        "narHash": "sha256-KAaWv4Ty/Aqj0GaAs88+5xGOHCX70Nyq1W3VrW4LMes=",
        "owner": "PgBiel",
        "repo": "lualine.nvim",
        "rev": "06b03f6fe9c85c51573e8e01347122ef7a96f340",
        "type": "github"
      },
      "original": {
        "owner": "PgBiel",
        "ref": "avoid-winfixbuf",
        "repo": "lualine.nvim",
        "type": "github"
      }
    },
    "plugins-nvim-tree": {
      "flake": false,
      "locked": {
        "lastModified": 1737938017,
        "narHash": "sha256-wliENqMjuw+DDcyddQlgO6JFBSJHwIGRqjUMqiU79M4=",
        "owner": "nvim-tree",
        "repo": "nvim-tree.lua",
        "rev": "d05881f65f0a653db8d830ccc4d2e07d6a720628",
        "type": "github"
      },
      "original": {
        "owner": "nvim-tree",
        "repo": "nvim-tree.lua",
        "type": "github"
      }
    },
    "plugins-workspace-diagnostics-nvim": {
      "flake": false,
      "locked": {
        "lastModified": 1723294887,
        "narHash": "sha256-lBj4KUPmmhtpffYky/HpaTwY++d/Q9socp/Ys+4VeX0=",
        "owner": "artemave",
        "repo": "workspace-diagnostics.nvim",
        "rev": "573ff93c47898967efdfbc6587a1a39e3c2d365e",
        "type": "github"
      },
      "original": {
        "owner": "artemave",
        "repo": "workspace-diagnostics.nvim",
        "type": "github"
      }
    },
    "root": {
      "inputs": {
        "nixCats": "nixCats",
        "nixpkgs": "nixpkgs",
        "plugins-ctrlsf-vim": "plugins-ctrlsf-vim",
        "plugins-hover-nvim": "plugins-hover-nvim",
        "plugins-lualine-nvim": "plugins-lualine-nvim",
        "plugins-nvim-tree": "plugins-nvim-tree",
        "plugins-workspace-diagnostics-nvim": "plugins-workspace-diagnostics-nvim"
      }
    }
  },
  "root": "root",
  "version": 7
}
