{
  "nodes": {
    "nixCats": {
      "locked": {
        "lastModified": 1748760778,
        "narHash": "sha256-i0xBOGCDtrJ29sIelwbSATUJK4AP6McPMxBA0dthK0o=",
        "owner": "BirdeeHub",
        "repo": "nixCats-nvim",
        "rev": "88cde33af841e2aa1ea0c83c4d9dcfefdde54fb3",
        "type": "github"
      },
      "original": {
        "owner": "BirdeeHub",
        "repo": "nixCats-nvim",
        "type": "github"
      }
    },
    "nixpkgs": {
      "locked": {
        "lastModified": 1749213349,
        "narHash": "sha256-UAaWOyQhdp7nXzsbmLVC67fo+QetzoTm9hsPf9X3yr4=",
        "owner": "nixos",
        "repo": "nixpkgs",
        "rev": "a4ff0e3c64846abea89662bfbacf037ef4b34207",
        "type": "github"
      },
      "original": {
        "owner": "nixos",
        "ref": "nixpkgs-unstable",
        "repo": "nixpkgs",
        "type": "github"
      }
    },
    "plugins-ctrlsf-vim": {
      "flake": false,
      "locked": {
        "lastModified": 1745200016,
        "narHash": "sha256-3aJAZmRV1F16jFM6AQ8uopr3nQDL3MfN4h8xcp3RuuE=",
        "owner": "dyng",
        "repo": "ctrlsf.vim",
        "rev": "50186c529c881b7844bcd66c7b8e9826eb8990a4",
        "type": "github"
      },
      "original": {
        "owner": "dyng",
        "repo": "ctrlsf.vim",
        "type": "github"
      }
    },
    "plugins-hover-nvim": {
      "flake": false,
      "locked": {
        "lastModified": 1746800662,
        "narHash": "sha256-0oXxMczABulrPtjUomuc+mvWK3s83f5ADXP7i8pG38E=",
        "owner": "lewis6991",
        "repo": "hover.nvim",
        "rev": "07c7269c3a88751f2f36ed0563dc6e7b8b84f7f7",
        "type": "github"
      },
      "original": {
        "owner": "lewis6991",
        "repo": "hover.nvim",
        "type": "github"
      }
    },
    "plugins-lualine-nvim": {
      "flake": false,
      "locked": {
        "lastModified": 1738473904,
        "narHash": "sha256-KAaWv4Ty/Aqj0GaAs88+5xGOHCX70Nyq1W3VrW4LMes=",
        "owner": "PgBiel",
        "repo": "lualine.nvim",
        "rev": "06b03f6fe9c85c51573e8e01347122ef7a96f340",
        "type": "github"
      },
      "original": {
        "owner": "PgBiel",
        "ref": "avoid-winfixbuf",
        "repo": "lualine.nvim",
        "type": "github"
      }
    },
    "plugins-nvim-tree": {
      "flake": false,
      "locked": {
        "lastModified": 1748820067,
        "narHash": "sha256-iCtFRqBhgpjHnTPNN3jagfm+qAGkb3glMxqRHJb+Iqk=",
        "owner": "nvim-tree",
        "repo": "nvim-tree.lua",
        "rev": "1c733e8c1957dc67f47580fe9c458a13b5612d5b",
        "type": "github"
      },
      "original": {
        "owner": "nvim-tree",
        "repo": "nvim-tree.lua",
        "type": "github"
      }
    },
    "plugins-workspace-diagnostics-nvim": {
      "flake": false,
      "locked": {
        "lastModified": 1748191681,
        "narHash": "sha256-jSpKaKnGyip/nzqU52ypWLgoCtvccYN+qb5jzlwAnd4=",
        "owner": "artemave",
        "repo": "workspace-diagnostics.nvim",
        "rev": "60f9175b2501ae3f8b1aba9719c0df8827610c8e",
        "type": "github"
      },
      "original": {
        "owner": "artemave",
        "repo": "workspace-diagnostics.nvim",
        "type": "github"
      }
    },
    "root": {
      "inputs": {
        "nixCats": "nixCats",
        "nixpkgs": "nixpkgs",
        "plugins-ctrlsf-vim": "plugins-ctrlsf-vim",
        "plugins-hover-nvim": "plugins-hover-nvim",
        "plugins-lualine-nvim": "plugins-lualine-nvim",
        "plugins-nvim-tree": "plugins-nvim-tree",
        "plugins-workspace-diagnostics-nvim": "plugins-workspace-diagnostics-nvim"
      }
    }
  },
  "root": "root",
  "version": 7
}
